{
  "nodes": {
    "nixpkgs": {
      "locked": {
        "lastModified": 0,
        "narHash": "sha256-sOos1jZGKmT6xxPvxGQyPTApOunXvScV4lNjBCXd/CI=",
        "path": "/nix/store/szpwkdrxwjkd3hwi8cqviscfdgg2jzz5-source",
        "type": "path"
      },
      "original": {
        "id": "nixpkgs",
        "type": "indirect"
      }
    },
    "pyproject-nix": {
      "inputs": {
        "nixpkgs": [
          "nixpkgs"
        ]
      },
      "locked": {
        "lastModified": 1743438845,
        "narHash": "sha256-1GSaoubGtvsLRwoYwHjeKYq40tLwvuFFVhGrG8J9Oek=",
        "owner": "pyproject-nix",
        "repo": "pyproject.nix",
        "rev": "8063ec98edc459571d042a640b1c5e334ecfca1e",
        "type": "github"
      },
      "original": {
        "owner": "pyproject-nix",
        "repo": "pyproject.nix",
        "type": "github"
      }
    },
    "root": {
      "inputs": {
        "nixpkgs": "nixpkgs",
        "pyproject-nix": "pyproject-nix"
      }
    }
  },
  "root": "root",
  "version": 7
}
